
Microsoft Visual Studio Solution File, Format Version 12.00
# Visual Studio Version 17
VisualStudioVersion = 17.0.32014.148
MinimumVisualStudioVersion = 10.0.40219.1
Project("{9A19103F-16F7-4668-BE54-9A1E7A4F7556}") = "Compressarr", "Compressarr\Compressarr.csproj", "{DCF23B34-753D-4530-8310-24990B124F1A}"
EndProject
Project("{2150E333-8FDC-42A3-9474-1A3956D46DE8}") = "Solution Items", "Solution Items", "{9C07B304-D573-4A4E-8A2E-4E38B25D7CAA}"
	ProjectSection(SolutionItems) = preProject
		.github\workflows\docker-publish-nvidia.yml = .github\workflows\docker-publish-nvidia.yml
		.github\workflows\docker-publish.yml = .github\workflows\docker-publish.yml
		Dockerfile = Dockerfile
		Dockerfile.nvidia = Dockerfile.nvidia
		.github\workflows\dotnet-win.yml = .github\workflows\dotnet-win.yml
		.github\workflows\dotnet.yml = .github\workflows\dotnet.yml
		README.md = README.md
	EndProjectSection
EndProject
Global
	GlobalSection(SolutionConfigurationPlatforms) = preSolution
		Debug|Any CPU = Debug|Any CPU
		Release|Any CPU = Release|Any CPU
	EndGlobalSection
	GlobalSection(ProjectConfigurationPlatforms) = postSolution
		{DCF23B34-753D-4530-8310-24990B124F1A}.Debug|Any CPU.ActiveCfg = Debug|Any CPU
		{DCF23B34-753D-4530-8310-24990B124F1A}.Debug|Any CPU.Build.0 = Debug|Any CPU
		{DCF23B34-753D-4530-8310-24990B124F1A}.Release|Any CPU.ActiveCfg = Release|Any CPU
		{DCF23B34-753D-4530-8310-24990B124F1A}.Release|Any CPU.Build.0 = Release|Any CPU
	EndGlobalSection
	GlobalSection(SolutionProperties) = preSolution
		HideSolutionNode = FALSE
	EndGlobalSection
	GlobalSection(ExtensibilityGlobals) = postSolution
		SolutionGuid = {F3323ACE-3218-45F9-9F1A-C65680351B7F}
	EndGlobalSection
EndGlobal
